
Microsoft Visual Studio Solution File, Format Version 12.00
# Visual Studio Version 17
VisualStudioVersion = 17.7.34031.279
MinimumVisualStudioVersion = 10.0.40219.1
Project("{9A19103F-16F7-4668-BE54-9A1E7A4F7556}") = "GalaxyNews", "GalaxyNews\GalaxyNews.csproj", "{1B56CF5D-1B4C-4170-92A2-5ACE7E6B3136}"
EndProject
Project("{2150E333-8FDC-42A3-9474-1A3956D46DE8}") = "Solution Items", "Solution Items", "{646BDBB4-9AAD-41A3-8837-AAC8A8123B8E}"
EndProject
Global
	GlobalSection(SolutionConfigurationPlatforms) = preSolution
		Debug|Any CPU = Debug|Any CPU
		Release|Any CPU = Release|Any CPU
	EndGlobalSection
	GlobalSection(ProjectConfigurationPlatforms) = postSolution
		{1B56CF5D-1B4C-4170-92A2-5ACE7E6B3136}.Debug|Any CPU.ActiveCfg = Debug|Any CPU
		{1B56CF5D-1B4C-4170-92A2-5ACE7E6B3136}.Debug|Any CPU.Build.0 = Debug|Any CPU
		{1B56CF5D-1B4C-4170-92A2-5ACE7E6B3136}.Release|Any CPU.ActiveCfg = Release|Any CPU
		{1B56CF5D-1B4C-4170-92A2-5ACE7E6B3136}.Release|Any CPU.Build.0 = Release|Any CPU
	EndGlobalSection
	GlobalSection(SolutionProperties) = preSolution
		HideSolutionNode = FALSE
	EndGlobalSection
	GlobalSection(ExtensibilityGlobals) = postSolution
		SolutionGuid = {AE6BC441-E0E8-43B5-8C44-A98CA7516E51}
	EndGlobalSection
EndGlobal
